
Microsoft Visual Studio Solution File, Format Version 12.00
# Visual Studio 2013
VisualStudioVersion = 12.0.40629.0
MinimumVisualStudioVersion = 10.0.40219.1
Project("{FAE04EC0-301F-11D3-BF4B-00C04F79EFBC}") = "ArchPM.QueryBuilder", "ArchPM.QueryBuilder\ArchPM.QueryBuilder.csproj", "{C44A0CEE-8780-40BB-9682-71A0EDA88588}"
EndProject
Project("{FAE04EC0-301F-11D3-BF4B-00C04F79EFBC}") = "ArchPM.QueryBuilder.Tests", "ArchPM.QueryBuilder.Tests\ArchPM.QueryBuilder.Tests.csproj", "{5199D137-72FD-44E4-87D1-537DB867BDF0}"
EndProject
Global
	GlobalSection(SolutionConfigurationPlatforms) = preSolution
		Debug|Any CPU = Debug|Any CPU
		Release|Any CPU = Release|Any CPU
	EndGlobalSection
	GlobalSection(ProjectConfigurationPlatforms) = postSolution
		{C44A0CEE-8780-40BB-9682-71A0EDA88588}.Debug|Any CPU.ActiveCfg = Debug|Any CPU
		{C44A0CEE-8780-40BB-9682-71A0EDA88588}.Debug|Any CPU.Build.0 = Debug|Any CPU
		{C44A0CEE-8780-40BB-9682-71A0EDA88588}.Release|Any CPU.ActiveCfg = Release|Any CPU
		{C44A0CEE-8780-40BB-9682-71A0EDA88588}.Release|Any CPU.Build.0 = Release|Any CPU
		{5199D137-72FD-44E4-87D1-537DB867BDF0}.Debug|Any CPU.ActiveCfg = Debug|Any CPU
		{5199D137-72FD-44E4-87D1-537DB867BDF0}.Debug|Any CPU.Build.0 = Debug|Any CPU
		{5199D137-72FD-44E4-87D1-537DB867BDF0}.Release|Any CPU.ActiveCfg = Release|Any CPU
		{5199D137-72FD-44E4-87D1-537DB867BDF0}.Release|Any CPU.Build.0 = Release|Any CPU
	EndGlobalSection
	GlobalSection(SolutionProperties) = preSolution
		HideSolutionNode = FALSE
	EndGlobalSection
EndGlobal
